
Microsoft Visual Studio Solution File, Format Version 12.00
# Visual Studio Version 17
VisualStudioVersion = 17.0.31903.59
MinimumVisualStudioVersion = 10.0.40219.1
Project("{2150E333-8FDC-42A3-9474-1A3956D46DE8}") = "src", "src", "{229FB197-CD32-4087-81AA-8AB399A0B965}"
EndProject
Project("{FAE04EC0-301F-11D3-BF4B-00C04F79EFBC}") = "Clinica.Domain", "src\Clinica.Domain\Clinica.Domain.csproj", "{5C65FEFB-3073-49E6-9F61-119669F9C9BA}"
EndProject
Project("{FAE04EC0-301F-11D3-BF4B-00C04F79EFBC}") = "Clinica.Application", "src\Clinica.Application\Clinica.Application.csproj", "{AB3FEF82-9782-44FA-9652-2684E0869E2D}"
EndProject
Project("{FAE04EC0-301F-11D3-BF4B-00C04F79EFBC}") = "Clinica.Infrastructure", "src\Clinica.Infrastructure\Clinica.Infrastructure.csproj", "{A7C9C601-E35E-4B4F-BD82-FB66C99C8069}"
EndProject
Project("{FAE04EC0-301F-11D3-BF4B-00C04F79EFBC}") = "Clinica.Api", "src\Clinica.Api\Clinica.Api.csproj", "{CA51788F-D4DB-4FDC-84A3-15843C5F0E2D}"
EndProject
Project("{2150E333-8FDC-42A3-9474-1A3956D46DE8}") = "tests", "tests", "{EE129376-5A96-45E8-90EB-8ADF474A2DA0}"
EndProject
Project("{FAE04EC0-301F-11D3-BF4B-00C04F79EFBC}") = "Clinica.Tests", "tests\Clinica.Tests\Clinica.Tests.csproj", "{1BA4EFF3-0A3E-42C1-BBA2-54280F9B900B}"
EndProject
Global
	GlobalSection(SolutionConfigurationPlatforms) = preSolution
		Debug|Any CPU = Debug|Any CPU
		Release|Any CPU = Release|Any CPU
	EndGlobalSection
	GlobalSection(SolutionProperties) = preSolution
		HideSolutionNode = FALSE
	EndGlobalSection
	GlobalSection(ProjectConfigurationPlatforms) = postSolution
		{5C65FEFB-3073-49E6-9F61-119669F9C9BA}.Debug|Any CPU.ActiveCfg = Debug|Any CPU
		{5C65FEFB-3073-49E6-9F61-119669F9C9BA}.Debug|Any CPU.Build.0 = Debug|Any CPU
		{5C65FEFB-3073-49E6-9F61-119669F9C9BA}.Release|Any CPU.ActiveCfg = Release|Any CPU
		{5C65FEFB-3073-49E6-9F61-119669F9C9BA}.Release|Any CPU.Build.0 = Release|Any CPU
		{AB3FEF82-9782-44FA-9652-2684E0869E2D}.Debug|Any CPU.ActiveCfg = Debug|Any CPU
		{AB3FEF82-9782-44FA-9652-2684E0869E2D}.Debug|Any CPU.Build.0 = Debug|Any CPU
		{AB3FEF82-9782-44FA-9652-2684E0869E2D}.Release|Any CPU.ActiveCfg = Release|Any CPU
		{AB3FEF82-9782-44FA-9652-2684E0869E2D}.Release|Any CPU.Build.0 = Release|Any CPU
		{A7C9C601-E35E-4B4F-BD82-FB66C99C8069}.Debug|Any CPU.ActiveCfg = Debug|Any CPU
		{A7C9C601-E35E-4B4F-BD82-FB66C99C8069}.Debug|Any CPU.Build.0 = Debug|Any CPU
		{A7C9C601-E35E-4B4F-BD82-FB66C99C8069}.Release|Any CPU.ActiveCfg = Release|Any CPU
		{A7C9C601-E35E-4B4F-BD82-FB66C99C8069}.Release|Any CPU.Build.0 = Release|Any CPU
		{CA51788F-D4DB-4FDC-84A3-15843C5F0E2D}.Debug|Any CPU.ActiveCfg = Debug|Any CPU
		{CA51788F-D4DB-4FDC-84A3-15843C5F0E2D}.Debug|Any CPU.Build.0 = Debug|Any CPU
		{CA51788F-D4DB-4FDC-84A3-15843C5F0E2D}.Release|Any CPU.ActiveCfg = Release|Any CPU
		{CA51788F-D4DB-4FDC-84A3-15843C5F0E2D}.Release|Any CPU.Build.0 = Release|Any CPU
		{1BA4EFF3-0A3E-42C1-BBA2-54280F9B900B}.Debug|Any CPU.ActiveCfg = Debug|Any CPU
		{1BA4EFF3-0A3E-42C1-BBA2-54280F9B900B}.Debug|Any CPU.Build.0 = Debug|Any CPU
		{1BA4EFF3-0A3E-42C1-BBA2-54280F9B900B}.Release|Any CPU.ActiveCfg = Release|Any CPU
		{1BA4EFF3-0A3E-42C1-BBA2-54280F9B900B}.Release|Any CPU.Build.0 = Release|Any CPU
	EndGlobalSection
	GlobalSection(NestedProjects) = preSolution
		{5C65FEFB-3073-49E6-9F61-119669F9C9BA} = {229FB197-CD32-4087-81AA-8AB399A0B965}
		{AB3FEF82-9782-44FA-9652-2684E0869E2D} = {229FB197-CD32-4087-81AA-8AB399A0B965}
		{A7C9C601-E35E-4B4F-BD82-FB66C99C8069} = {229FB197-CD32-4087-81AA-8AB399A0B965}
		{CA51788F-D4DB-4FDC-84A3-15843C5F0E2D} = {229FB197-CD32-4087-81AA-8AB399A0B965}
		{1BA4EFF3-0A3E-42C1-BBA2-54280F9B900B} = {EE129376-5A96-45E8-90EB-8ADF474A2DA0}
	EndGlobalSection
EndGlobal
